
Microsoft Visual Studio Solution File, Format Version 12.00
# Visual Studio Version 17
VisualStudioVersion = 17.14.37531.7 d17.14
MinimumVisualStudioVersion = 10.0.40219.1
Project("{FAE04EC0-301F-11D3-BF4B-00C04F79EFBC}") = "Activity2", "Activity2.csproj", "{38849312-FF43-485F-BDA4-38015B043474}"
EndProject
Global
	GlobalSection(SolutionConfigurationPlatforms) = preSolution
		Debug|Any CPU = Debug|Any CPU
		Release|Any CPU = Release|Any CPU
	EndGlobalSection
	GlobalSection(ProjectConfigurationPlatforms) = postSolution
		{38849312-FF43-485F-BDA4-38015B043474}.Debug|Any CPU.ActiveCfg = Debug|Any CPU
		{38849312-FF43-485F-BDA4-38015B043474}.Debug|Any CPU.Build.0 = Debug|Any CPU
		{38849312-FF43-485F-BDA4-38015B043474}.Release|Any CPU.ActiveCfg = Release|Any CPU
		{38849312-FF43-485F-BDA4-38015B043474}.Release|Any CPU.Build.0 = Release|Any CPU
	EndGlobalSection
	GlobalSection(SolutionProperties) = preSolution
		HideSolutionNode = FALSE
	EndGlobalSection
	GlobalSection(ExtensibilityGlobals) = postSolution
		SolutionGuid = {2167C715-2E4E-4ECC-962F-12E542AF14D4}
	EndGlobalSection
EndGlobal
